
Microsoft Visual Studio Solution File, Format Version 12.00
# Visual Studio Version 17
VisualStudioVersion = 17.14.36717.8 d17.14
MinimumVisualStudioVersion = 10.0.40219.1
Project("{FAE04EC0-301F-11D3-BF4B-00C04F79EFBC}") = "ConsoleHome", "ConsoleHome.csproj", "{E036241D-179A-47A8-B180-FD81F1F4D4EF}"
EndProject
Global
	GlobalSection(SolutionConfigurationPlatforms) = preSolution
		Debug|Any CPU = Debug|Any CPU
		Release|Any CPU = Release|Any CPU
	EndGlobalSection
	GlobalSection(ProjectConfigurationPlatforms) = postSolution
		{E036241D-179A-47A8-B180-FD81F1F4D4EF}.Debug|Any CPU.ActiveCfg = Debug|Any CPU
		{E036241D-179A-47A8-B180-FD81F1F4D4EF}.Debug|Any CPU.Build.0 = Debug|Any CPU
		{E036241D-179A-47A8-B180-FD81F1F4D4EF}.Release|Any CPU.ActiveCfg = Release|Any CPU
		{E036241D-179A-47A8-B180-FD81F1F4D4EF}.Release|Any CPU.Build.0 = Release|Any CPU
	EndGlobalSection
	GlobalSection(SolutionProperties) = preSolution
		HideSolutionNode = FALSE
	EndGlobalSection
	GlobalSection(ExtensibilityGlobals) = postSolution
		SolutionGuid = {1305B2BC-FE15-47B5-A746-5772FB95F651}
	EndGlobalSection
EndGlobal
